// !$*UTF8*$!
{
	archiveVersion = 1;
	classes = {
	};
	objectVersion = 46;
	objects = {

/* Begin PBXBuildFile section */
		B837011B1CDB9F9B006E2664 /* AppDelegate.swift in Sources */ = {isa = PBXBuildFile; fileRef = B837011A1CDB9F9B006E2664 /* AppDelegate.swift */; };
		B837011D1CDB9F9B006E2664 /* DepartureboardViewController.swift in Sources */ = {isa = PBXBuildFile; fileRef = B837011C1CDB9F9B006E2664 /* DepartureboardViewController.swift */; };
		B837011F1CDB9F9B006E2664 /* SecondViewController.swift in Sources */ = {isa = PBXBuildFile; fileRef = B837011E1CDB9F9B006E2664 /* SecondViewController.swift */; };
		B83701221CDB9F9B006E2664 /* Main.storyboard in Resources */ = {isa = PBXBuildFile; fileRef = B83701201CDB9F9B006E2664 /* Main.storyboard */; };
		B83701241CDB9F9B006E2664 /* Assets.xcassets in Resources */ = {isa = PBXBuildFile; fileRef = B83701231CDB9F9B006E2664 /* Assets.xcassets */; };
		B84797391CDBB98B00551AA7 /* ViewControllerSamples.storyboard in Resources */ = {isa = PBXBuildFile; fileRef = B84797381CDBB98B00551AA7 /* ViewControllerSamples.storyboard */; };
		B84797BE1CDBBCC200551AA7 /* RejseplanenStoppesteder.csv in Resources */ = {isa = PBXBuildFile; fileRef = B84797BD1CDBBCC200551AA7 /* RejseplanenStoppesteder.csv */; };
		B84797C11CDBBFD700551AA7 /* Stop.swift in Sources */ = {isa = PBXBuildFile; fileRef = B84797C01CDBBFD700551AA7 /* Stop.swift */; };
		B84797C31CDBC25900551AA7 /* Stop+SampleStop.swift in Sources */ = {isa = PBXBuildFile; fileRef = B84797C21CDBC25900551AA7 /* Stop+SampleStop.swift */; };
		B84830221CDBA02C0094A949 /* SwiftyJSON.swift in Sources */ = {isa = PBXBuildFile; fileRef = B84830211CDBA02C0094A949 /* SwiftyJSON.swift */; };
		B84830241CDBA03F0094A949 /* ApiService.swift in Sources */ = {isa = PBXBuildFile; fileRef = B84830231CDBA03F0094A949 /* ApiService.swift */; };
		B84830271CDBA08B0094A949 /* ApiDeparture.swift in Sources */ = {isa = PBXBuildFile; fileRef = B84830251CDBA08B0094A949 /* ApiDeparture.swift */; };
		B84830281CDBA08B0094A949 /* ApiDepartureboard.swift in Sources */ = {isa = PBXBuildFile; fileRef = B84830261CDBA08B0094A949 /* ApiDepartureboard.swift */; };
		B848302A1CDBA0A30094A949 /* DepartureCell.swift in Sources */ = {isa = PBXBuildFile; fileRef = B84830291CDBA0A30094A949 /* DepartureCell.swift */; };
		B848302C1CDBB51B0094A949 /* SearchResultsViewController.swift in Sources */ = {isa = PBXBuildFile; fileRef = B848302B1CDBB51B0094A949 /* SearchResultsViewController.swift */; };
		B848302F1CDBB6D80094A949 /* DataItem.swift in Sources */ = {isa = PBXBuildFile; fileRef = B848302E1CDBB6D80094A949 /* DataItem.swift */; };
		B84830311CDBB6DC0094A949 /* DataItem+ImageName.swift in Sources */ = {isa = PBXBuildFile; fileRef = B84830301CDBB6DC0094A949 /* DataItem+ImageName.swift */; };
		B84830331CDBB6E00094A949 /* DataItem+SampleData.swift in Sources */ = {isa = PBXBuildFile; fileRef = B84830321CDBB6E00094A949 /* DataItem+SampleData.swift */; };
		B84830351CDBB6E70094A949 /* DataItemCellComposer.swift in Sources */ = {isa = PBXBuildFile; fileRef = B84830341CDBB6E70094A949 /* DataItemCellComposer.swift */; };
		B84830371CDBB6EA0094A949 /* DataItemCollectionViewCell.swift in Sources */ = {isa = PBXBuildFile; fileRef = B84830361CDBB6EA0094A949 /* DataItemCollectionViewCell.swift */; };
/* End PBXBuildFile section */

/* Begin PBXFileReference section */
		B83701171CDB9F9B006E2664 /* Rejseplanen.app */ = {isa = PBXFileReference; explicitFileType = wrapper.application; includeInIndex = 0; path = Rejseplanen.app; sourceTree = BUILT_PRODUCTS_DIR; };
		B837011A1CDB9F9B006E2664 /* AppDelegate.swift */ = {isa = PBXFileReference; lastKnownFileType = sourcecode.swift; path = AppDelegate.swift; sourceTree = "<group>"; };
		B837011C1CDB9F9B006E2664 /* DepartureboardViewController.swift */ = {isa = PBXFileReference; lastKnownFileType = sourcecode.swift; path = DepartureboardViewController.swift; sourceTree = "<group>"; };
		B837011E1CDB9F9B006E2664 /* SecondViewController.swift */ = {isa = PBXFileReference; lastKnownFileType = sourcecode.swift; path = SecondViewController.swift; sourceTree = "<group>"; };
		B83701211CDB9F9B006E2664 /* Base */ = {isa = PBXFileReference; lastKnownFileType = file.storyboard; name = Base; path = Base.lproj/Main.storyboard; sourceTree = "<group>"; };
		B83701231CDB9F9B006E2664 /* Assets.xcassets */ = {isa = PBXFileReference; lastKnownFileType = folder.assetcatalog; path = Assets.xcassets; sourceTree = "<group>"; };
		B83701251CDB9F9B006E2664 /* Info.plist */ = {isa = PBXFileReference; lastKnownFileType = text.plist.xml; path = Info.plist; sourceTree = "<group>"; };
		B84797381CDBB98B00551AA7 /* ViewControllerSamples.storyboard */ = {isa = PBXFileReference; fileEncoding = 4; lastKnownFileType = file.storyboard; path = ViewControllerSamples.storyboard; sourceTree = "<group>"; };
		B84797BD1CDBBCC200551AA7 /* RejseplanenStoppesteder.csv */ = {isa = PBXFileReference; fileEncoding = 4; lastKnownFileType = text; path = RejseplanenStoppesteder.csv; sourceTree = "<group>"; };
		B84797C01CDBBFD700551AA7 /* Stop.swift */ = {isa = PBXFileReference; fileEncoding = 4; lastKnownFileType = sourcecode.swift; path = Stop.swift; sourceTree = "<group>"; };
		B84797C21CDBC25900551AA7 /* Stop+SampleStop.swift */ = {isa = PBXFileReference; fileEncoding = 4; lastKnownFileType = sourcecode.swift; path = "Stop+SampleStop.swift"; sourceTree = "<group>"; };
		B84830211CDBA02C0094A949 /* SwiftyJSON.swift */ = {isa = PBXFileReference; fileEncoding = 4; lastKnownFileType = sourcecode.swift; path = SwiftyJSON.swift; sourceTree = "<group>"; };
		B84830231CDBA03F0094A949 /* ApiService.swift */ = {isa = PBXFileReference; fileEncoding = 4; lastKnownFileType = sourcecode.swift; path = ApiService.swift; sourceTree = "<group>"; };
		B84830251CDBA08B0094A949 /* ApiDeparture.swift */ = {isa = PBXFileReference; fileEncoding = 4; lastKnownFileType = sourcecode.swift; path = ApiDeparture.swift; sourceTree = "<group>"; };
		B84830261CDBA08B0094A949 /* ApiDepartureboard.swift */ = {isa = PBXFileReference; fileEncoding = 4; lastKnownFileType = sourcecode.swift; path = ApiDepartureboard.swift; sourceTree = "<group>"; };
		B84830291CDBA0A30094A949 /* DepartureCell.swift */ = {isa = PBXFileReference; fileEncoding = 4; lastKnownFileType = sourcecode.swift; path = DepartureCell.swift; sourceTree = "<group>"; };
		B848302B1CDBB51B0094A949 /* SearchResultsViewController.swift */ = {isa = PBXFileReference; fileEncoding = 4; lastKnownFileType = sourcecode.swift; path = SearchResultsViewController.swift; sourceTree = "<group>"; };
		B848302E1CDBB6D80094A949 /* DataItem.swift */ = {isa = PBXFileReference; fileEncoding = 4; lastKnownFileType = sourcecode.swift; path = DataItem.swift; sourceTree = "<group>"; };
		B84830301CDBB6DC0094A949 /* DataItem+ImageName.swift */ = {isa = PBXFileReference; fileEncoding = 4; lastKnownFileType = sourcecode.swift; path = "DataItem+ImageName.swift"; sourceTree = "<group>"; };
		B84830321CDBB6E00094A949 /* DataItem+SampleData.swift */ = {isa = PBXFileReference; fileEncoding = 4; lastKnownFileType = sourcecode.swift; path = "DataItem+SampleData.swift"; sourceTree = "<group>"; };
		B84830341CDBB6E70094A949 /* DataItemCellComposer.swift */ = {isa = PBXFileReference; fileEncoding = 4; lastKnownFileType = sourcecode.swift; path = DataItemCellComposer.swift; sourceTree = "<group>"; };
		B84830361CDBB6EA0094A949 /* DataItemCollectionViewCell.swift */ = {isa = PBXFileReference; fileEncoding = 4; lastKnownFileType = sourcecode.swift; path = DataItemCollectionViewCell.swift; sourceTree = "<group>"; };
/* End PBXFileReference section */

/* Begin PBXFrameworksBuildPhase section */
		B83701141CDB9F9B006E2664 /* Frameworks */ = {
			isa = PBXFrameworksBuildPhase;
			buildActionMask = 2147483647;
			files = (
			);
			runOnlyForDeploymentPostprocessing = 0;
		};
/* End PBXFrameworksBuildPhase section */

/* Begin PBXGroup section */
		B837010E1CDB9F9B006E2664 = {
			isa = PBXGroup;
			children = (
				B83701191CDB9F9B006E2664 /* Rejseplanen */,
				B83701181CDB9F9B006E2664 /* Products */,
				B847973C1CDBBB3D00551AA7 /* Resources */,
			);
			sourceTree = "<group>";
		};
		B83701181CDB9F9B006E2664 /* Products */ = {
			isa = PBXGroup;
			children = (
				B83701171CDB9F9B006E2664 /* Rejseplanen.app */,
			);
			name = Products;
			sourceTree = "<group>";
		};
		B83701191CDB9F9B006E2664 /* Rejseplanen */ = {
			isa = PBXGroup;
			children = (
				B8EF2A681CDBCEB700B98C62 /* Stop */,
				B84797BF1CDBBF6200551AA7 /* Data items */,
				B848302D1CDBB6AD0094A949 /* Search */,
				B84830201CDBA00B0094A949 /* API */,
				B837011A1CDB9F9B006E2664 /* AppDelegate.swift */,
				B837011C1CDB9F9B006E2664 /* DepartureboardViewController.swift */,
				B837011E1CDB9F9B006E2664 /* SecondViewController.swift */,
				B84830291CDBA0A30094A949 /* DepartureCell.swift */,
				B83701201CDB9F9B006E2664 /* Main.storyboard */,
				B83701231CDB9F9B006E2664 /* Assets.xcassets */,
				B83701251CDB9F9B006E2664 /* Info.plist */,
			);
			path = Rejseplanen;
			sourceTree = "<group>";
		};
		B847973C1CDBBB3D00551AA7 /* Resources */ = {
			isa = PBXGroup;
			children = (
				B84797BD1CDBBCC200551AA7 /* RejseplanenStoppesteder.csv */,
			);
			name = Resources;
			sourceTree = "<group>";
		};
		B84797BF1CDBBF6200551AA7 /* Data items */ = {
			isa = PBXGroup;
			children = (
				B84797C01CDBBFD700551AA7 /* Stop.swift */,
				B84797C21CDBC25900551AA7 /* Stop+SampleStop.swift */,
			);
			name = "Data items";
			sourceTree = "<group>";
		};
		B84830201CDBA00B0094A949 /* API */ = {
			isa = PBXGroup;
			children = (
				B84830251CDBA08B0094A949 /* ApiDeparture.swift */,
				B84830261CDBA08B0094A949 /* ApiDepartureboard.swift */,
				B84830231CDBA03F0094A949 /* ApiService.swift */,
				B84830211CDBA02C0094A949 /* SwiftyJSON.swift */,
			);
			name = API;
			sourceTree = "<group>";
		};
		B848302D1CDBB6AD0094A949 /* Search */ = {
			isa = PBXGroup;
			children = (
				B848302E1CDBB6D80094A949 /* DataItem.swift */,
				B84830301CDBB6DC0094A949 /* DataItem+ImageName.swift */,
				B84830321CDBB6E00094A949 /* DataItem+SampleData.swift */,
				B84830341CDBB6E70094A949 /* DataItemCellComposer.swift */,
				B84830361CDBB6EA0094A949 /* DataItemCollectionViewCell.swift */,
				B848302B1CDBB51B0094A949 /* SearchResultsViewController.swift */,
				B84797381CDBB98B00551AA7 /* ViewControllerSamples.storyboard */,
			);
			name = Search;
			sourceTree = "<group>";
		};
		B8EF2A681CDBCEB700B98C62 /* Stop */ = {
			isa = PBXGroup;
			children = (
			);
			name = Stop;
			sourceTree = "<group>";
		};
/* End PBXGroup section */

/* Begin PBXNativeTarget section */
		B83701161CDB9F9B006E2664 /* Rejseplanen */ = {
			isa = PBXNativeTarget;
			buildConfigurationList = B83701281CDB9F9B006E2664 /* Build configuration list for PBXNativeTarget "Rejseplanen" */;
			buildPhases = (
				B83701131CDB9F9B006E2664 /* Sources */,
				B83701141CDB9F9B006E2664 /* Frameworks */,
				B83701151CDB9F9B006E2664 /* Resources */,
			);
			buildRules = (
			);
			dependencies = (
			);
			name = Rejseplanen;
			productName = Rejseplanen;
			productReference = B83701171CDB9F9B006E2664 /* Rejseplanen.app */;
			productType = "com.apple.product-type.application";
		};
/* End PBXNativeTarget section */

/* Begin PBXProject section */
		B837010F1CDB9F9B006E2664 /* Project object */ = {
			isa = PBXProject;
			attributes = {
				LastSwiftUpdateCheck = 0730;
				LastUpgradeCheck = 0730;
				ORGANIZATIONNAME = "Niels Østman";
				TargetAttributes = {
					B83701161CDB9F9B006E2664 = {
						CreatedOnToolsVersion = 7.3;
					};
				};
			};
			buildConfigurationList = B83701121CDB9F9B006E2664 /* Build configuration list for PBXProject "Rejseplanen" */;
			compatibilityVersion = "Xcode 3.2";
			developmentRegion = English;
			hasScannedForEncodings = 0;
			knownRegions = (
				en,
				Base,
			);
			mainGroup = B837010E1CDB9F9B006E2664;
			productRefGroup = B83701181CDB9F9B006E2664 /* Products */;
			projectDirPath = "";
			projectRoot = "";
			targets = (
				B83701161CDB9F9B006E2664 /* Rejseplanen */,
			);
		};
/* End PBXProject section */

/* Begin PBXResourcesBuildPhase section */
		B83701151CDB9F9B006E2664 /* Resources */ = {
			isa = PBXResourcesBuildPhase;
			buildActionMask = 2147483647;
			files = (
				B84797391CDBB98B00551AA7 /* ViewControllerSamples.storyboard in Resources */,
				B83701241CDB9F9B006E2664 /* Assets.xcassets in Resources */,
				B84797BE1CDBBCC200551AA7 /* RejseplanenStoppesteder.csv in Resources */,
				B83701221CDB9F9B006E2664 /* Main.storyboard in Resources */,
			);
			runOnlyForDeploymentPostprocessing = 0;
		};
/* End PBXResourcesBuildPhase section */

/* Begin PBXSourcesBuildPhase section */
		B83701131CDB9F9B006E2664 /* Sources */ = {
			isa = PBXSourcesBuildPhase;
			buildActionMask = 2147483647;
			files = (
				B84830331CDBB6E00094A949 /* DataItem+SampleData.swift in Sources */,
				B848302F1CDBB6D80094A949 /* DataItem.swift in Sources */,
				B84797C11CDBBFD700551AA7 /* Stop.swift in Sources */,
				B84830351CDBB6E70094A949 /* DataItemCellComposer.swift in Sources */,
				B84830281CDBA08B0094A949 /* ApiDepartureboard.swift in Sources */,
				B837011F1CDB9F9B006E2664 /* SecondViewController.swift in Sources */,
				B848302A1CDBA0A30094A949 /* DepartureCell.swift in Sources */,
				B84830271CDBA08B0094A949 /* ApiDeparture.swift in Sources */,
				B84830241CDBA03F0094A949 /* ApiService.swift in Sources */,
				B84797C31CDBC25900551AA7 /* Stop+SampleStop.swift in Sources */,
				B84830371CDBB6EA0094A949 /* DataItemCollectionViewCell.swift in Sources */,
				B837011B1CDB9F9B006E2664 /* AppDelegate.swift in Sources */,
				B837011D1CDB9F9B006E2664 /* DepartureboardViewController.swift in Sources */,
				B848302C1CDBB51B0094A949 /* SearchResultsViewController.swift in Sources */,
				B84830221CDBA02C0094A949 /* SwiftyJSON.swift in Sources */,
				B84830311CDBB6DC0094A949 /* DataItem+ImageName.swift in Sources */,
			);
			runOnlyForDeploymentPostprocessing = 0;
		};
/* End PBXSourcesBuildPhase section */

/* Begin PBXVariantGroup section */
		B83701201CDB9F9B006E2664 /* Main.storyboard */ = {
			isa = PBXVariantGroup;
			children = (
				B83701211CDB9F9B006E2664 /* Base */,
			);
			name = Main.storyboard;
			sourceTree = "<group>";
		};
/* End PBXVariantGroup section */

/* Begin XCBuildConfiguration section */
		B83701261CDB9F9B006E2664 /* Debug */ = {
			isa = XCBuildConfiguration;
			buildSettings = {
				ALWAYS_SEARCH_USER_PATHS = NO;
				CLANG_ANALYZER_NONNULL = YES;
				CLANG_CXX_LANGUAGE_STANDARD = "gnu++0x";
				CLANG_CXX_LIBRARY = "libc++";
				CLANG_ENABLE_MODULES = YES;
				CLANG_ENABLE_OBJC_ARC = YES;
				CLANG_WARN_BOOL_CONVERSION = YES;
				CLANG_WARN_CONSTANT_CONVERSION = YES;
				CLANG_WARN_DIRECT_OBJC_ISA_USAGE = YES_ERROR;
				CLANG_WARN_EMPTY_BODY = YES;
				CLANG_WARN_ENUM_CONVERSION = YES;
				CLANG_WARN_INT_CONVERSION = YES;
				CLANG_WARN_OBJC_ROOT_CLASS = YES_ERROR;
				CLANG_WARN_UNREACHABLE_CODE = YES;
				CLANG_WARN__DUPLICATE_METHOD_MATCH = YES;
				COPY_PHASE_STRIP = NO;
				DEBUG_INFORMATION_FORMAT = dwarf;
				ENABLE_STRICT_OBJC_MSGSEND = YES;
				ENABLE_TESTABILITY = YES;
				GCC_C_LANGUAGE_STANDARD = gnu99;
				GCC_DYNAMIC_NO_PIC = NO;
				GCC_NO_COMMON_BLOCKS = YES;
				GCC_OPTIMIZATION_LEVEL = 0;
				GCC_PREPROCESSOR_DEFINITIONS = (
					"DEBUG=1",
					"$(inherited)",
				);
				GCC_WARN_64_TO_32_BIT_CONVERSION = YES;
				GCC_WARN_ABOUT_RETURN_TYPE = YES_ERROR;
				GCC_WARN_UNDECLARED_SELECTOR = YES;
				GCC_WARN_UNINITIALIZED_AUTOS = YES_AGGRESSIVE;
				GCC_WARN_UNUSED_FUNCTION = YES;
				GCC_WARN_UNUSED_VARIABLE = YES;
				MTL_ENABLE_DEBUG_INFO = YES;
				ONLY_ACTIVE_ARCH = YES;
				SDKROOT = appletvos;
				SWIFT_OPTIMIZATION_LEVEL = "-Onone";
				TARGETED_DEVICE_FAMILY = 3;
				TVOS_DEPLOYMENT_TARGET = 9.2;
			};
			name = Debug;
		};
		B83701271CDB9F9B006E2664 /* Release */ = {
			isa = XCBuildConfiguration;
			buildSettings = {
				ALWAYS_SEARCH_USER_PATHS = NO;
				CLANG_ANALYZER_NONNULL = YES;
				CLANG_CXX_LANGUAGE_STANDARD = "gnu++0x";
				CLANG_CXX_LIBRARY = "libc++";
				CLANG_ENABLE_MODULES = YES;
				CLANG_ENABLE_OBJC_ARC = YES;
				CLANG_WARN_BOOL_CONVERSION = YES;
				CLANG_WARN_CONSTANT_CONVERSION = YES;
				CLANG_WARN_DIRECT_OBJC_ISA_USAGE = YES_ERROR;
				CLANG_WARN_EMPTY_BODY = YES;
				CLANG_WARN_ENUM_CONVERSION = YES;
				CLANG_WARN_INT_CONVERSION = YES;
				CLANG_WARN_OBJC_ROOT_CLASS = YES_ERROR;
				CLANG_WARN_UNREACHABLE_CODE = YES;
				CLANG_WARN__DUPLICATE_METHOD_MATCH = YES;
				COPY_PHASE_STRIP = NO;
				DEBUG_INFORMATION_FORMAT = "dwarf-with-dsym";
				ENABLE_NS_ASSERTIONS = NO;
				ENABLE_STRICT_OBJC_MSGSEND = YES;
				GCC_C_LANGUAGE_STANDARD = gnu99;
				GCC_NO_COMMON_BLOCKS = YES;
				GCC_WARN_64_TO_32_BIT_CONVERSION = YES;
				GCC_WARN_ABOUT_RETURN_TYPE = YES_ERROR;
				GCC_WARN_UNDECLARED_SELECTOR = YES;
				GCC_WARN_UNINITIALIZED_AUTOS = YES_AGGRESSIVE;
				GCC_WARN_UNUSED_FUNCTION = YES;
				GCC_WARN_UNUSED_VARIABLE = YES;
				MTL_ENABLE_DEBUG_INFO = NO;
				SDKROOT = appletvos;
				TARGETED_DEVICE_FAMILY = 3;
				TVOS_DEPLOYMENT_TARGET = 9.2;
				VALIDATE_PRODUCT = YES;
			};
			name = Release;
		};
		B83701291CDB9F9B006E2664 /* Debug */ = {
			isa = XCBuildConfiguration;
			buildSettings = {
				ASSETCATALOG_COMPILER_APPICON_NAME = "App Icon & Top Shelf Image";
				ASSETCATALOG_COMPILER_LAUNCHIMAGE_NAME = LaunchImage;
				INFOPLIST_FILE = Rejseplanen/Info.plist;
				LD_RUNPATH_SEARCH_PATHS = "$(inherited) @executable_path/Frameworks";
				PRODUCT_BUNDLE_IDENTIFIER = nies.Rejseplanen;
				PRODUCT_NAME = "$(TARGET_NAME)";
			};
			name = Debug;
		};
		B837012A1CDB9F9B006E2664 /* Release */ = {
			isa = XCBuildConfiguration;
			buildSettings = {
				ASSETCATALOG_COMPILER_APPICON_NAME = "App Icon & Top Shelf Image";
				ASSETCATALOG_COMPILER_LAUNCHIMAGE_NAME = LaunchImage;
				INFOPLIST_FILE = Rejseplanen/Info.plist;
				LD_RUNPATH_SEARCH_PATHS = "$(inherited) @executable_path/Frameworks";
				PRODUCT_BUNDLE_IDENTIFIER = nies.Rejseplanen;
				PRODUCT_NAME = "$(TARGET_NAME)";
			};
			name = Release;
		};
/* End XCBuildConfiguration section */

/* Begin XCConfigurationList section */
		B83701121CDB9F9B006E2664 /* Build configuration list for PBXProject "Rejseplanen" */ = {
			isa = XCConfigurationList;
			buildConfigurations = (
				B83701261CDB9F9B006E2664 /* Debug */,
				B83701271CDB9F9B006E2664 /* Release */,
			);
			defaultConfigurationIsVisible = 0;
			defaultConfigurationName = Release;
		};
		B83701281CDB9F9B006E2664 /* Build configuration list for PBXNativeTarget "Rejseplanen" */ = {
			isa = XCConfigurationList;
			buildConfigurations = (
				B83701291CDB9F9B006E2664 /* Debug */,
				B837012A1CDB9F9B006E2664 /* Release */,
			);
			defaultConfigurationIsVisible = 0;
			defaultConfigurationName = Release;
		};
/* End XCConfigurationList section */
	};
	rootObject = B837010F1CDB9F9B006E2664 /* Project object */;
}
